{
    "name": "@benzed/immutable",
    "requires": true,
    "lockfileVersion": 1,
    "dependencies": {
        "@benzed/array": {
            "version": "1.6.3",
            "resolved": "https://registry.npmjs.org/@benzed/array/-/array-1.6.3.tgz",
            "integrity": "sha512-6A6gKLbrQcmWgQpyyerKDCnjLtN5QKNi6nKtrir9N0KpX7kAkM7S75KmjFj2yVOc8jHTgvmVI1ESoxB4RUl/CA=="
        }
    }
}
